
Microsoft Visual Studio Solution File, Format Version 12.00
# Visual Studio Version 17
VisualStudioVersion = 17.5.002.0
MinimumVisualStudioVersion = 10.0.40219.1
Project("{9A19103F-16F7-4668-BE54-9A1E7A4F7556}") = "Day1Part1", "Day1\Part1\Day1Part1.csproj", "{9763AC2C-7A29-4804-BFC6-8765F8A4BE31}"
EndProject
Project("{FAE04EC0-301F-11D3-BF4B-00C04F79EFBC}") = "Utilities", "Utilities\Utilities.csproj", "{69E6A9E8-98C3-4C7D-9243-EDC3912B334D}"
EndProject
Project("{2150E333-8FDC-42A3-9474-1A3956D46DE8}") = "Day2", "Day2", "{465D3740-2B10-4236-A980-6FC701DC1407}"
EndProject
Project("{FAE04EC0-301F-11D3-BF4B-00C04F79EFBC}") = "Day2Part1", "Day2\Part1\Day2Part1.csproj", "{2288FE44-7E46-4ED2-901E-A3216445F80A}"
EndProject
Project("{FAE04EC0-301F-11D3-BF4B-00C04F79EFBC}") = "Day2Part2", "Day2\Part2\Day2Part2.csproj", "{E3DE0BD8-8721-4A7C-ABE9-B0A877A84ED3}"
EndProject
Project("{2150E333-8FDC-42A3-9474-1A3956D46DE8}") = "Day3", "Day3", "{7E556390-02D2-471E-AE36-50090F25321C}"
EndProject
Project("{FAE04EC0-301F-11D3-BF4B-00C04F79EFBC}") = "Day3Part1", "Day3\Part1\Day3Part1.csproj", "{A114EF6E-E262-4DC6-937C-3AFA518ACCE5}"
EndProject
Project("{FAE04EC0-301F-11D3-BF4B-00C04F79EFBC}") = "Day3Part2", "Day3\Part2\Day3Part2.csproj", "{6485F059-33A8-454C-9045-E0AF1C387419}"
EndProject
Project("{2150E333-8FDC-42A3-9474-1A3956D46DE8}") = "Day4", "Day4", "{D50009AA-F54B-4659-82F9-449A3E3AAD9F}"
EndProject
Project("{FAE04EC0-301F-11D3-BF4B-00C04F79EFBC}") = "Day4Part1", "Day4\Part1\Day4Part1.csproj", "{90A87DE7-1F75-4198-B38F-37A925376353}"
EndProject
Project("{FAE04EC0-301F-11D3-BF4B-00C04F79EFBC}") = "Day4Part2", "Day4\Part2\Day4Part2.csproj", "{19AF755A-4E73-44C0-BB05-FB85A2384681}"
EndProject
Project("{2150E333-8FDC-42A3-9474-1A3956D46DE8}") = "Day5", "Day5", "{09FD0E72-0E94-441C-9FD5-5F277A57C57B}"
EndProject
Project("{FAE04EC0-301F-11D3-BF4B-00C04F79EFBC}") = "Day5Part1", "Day5\Part1\Day5Part1.csproj", "{D74C2E96-EF48-4F78-AE1B-BE7528990354}"
EndProject
Project("{FAE04EC0-301F-11D3-BF4B-00C04F79EFBC}") = "Day5Part2", "Day5\Part2\Day5Part2.csproj", "{FC94A672-4417-4B0A-875C-A72567CCCA21}"
EndProject
Project("{2150E333-8FDC-42A3-9474-1A3956D46DE8}") = "Day6", "Day6", "{ED68FDFD-F574-46C5-A50B-8DC4D2DFBACB}"
EndProject
Project("{FAE04EC0-301F-11D3-BF4B-00C04F79EFBC}") = "Day6Part1", "Day6\Part1\Day6Part1.csproj", "{0920DF3E-34AB-4BAE-A033-4243137D3897}"
EndProject
Project("{FAE04EC0-301F-11D3-BF4B-00C04F79EFBC}") = "Day6Part2", "Day6\Part2\Day6Part2.csproj", "{C75B4482-1E04-4A9F-98E2-8467B3F86766}"
EndProject
Project("{2150E333-8FDC-42A3-9474-1A3956D46DE8}") = "Day7", "Day7", "{08F8DA5C-E5D0-43B3-B9C8-A1D1E74D9FB6}"
EndProject
Project("{FAE04EC0-301F-11D3-BF4B-00C04F79EFBC}") = "Day7Part1", "Day7\Part1\Day7Part1.csproj", "{75C19821-33A9-4EA5-91CF-E3995D4292F3}"
EndProject
Global
	GlobalSection(SolutionConfigurationPlatforms) = preSolution
		Debug|Any CPU = Debug|Any CPU
		Release|Any CPU = Release|Any CPU
	EndGlobalSection
	GlobalSection(ProjectConfigurationPlatforms) = postSolution
		{9763AC2C-7A29-4804-BFC6-8765F8A4BE31}.Debug|Any CPU.ActiveCfg = Debug|Any CPU
		{9763AC2C-7A29-4804-BFC6-8765F8A4BE31}.Debug|Any CPU.Build.0 = Debug|Any CPU
		{9763AC2C-7A29-4804-BFC6-8765F8A4BE31}.Release|Any CPU.ActiveCfg = Release|Any CPU
		{9763AC2C-7A29-4804-BFC6-8765F8A4BE31}.Release|Any CPU.Build.0 = Release|Any CPU
		{69E6A9E8-98C3-4C7D-9243-EDC3912B334D}.Debug|Any CPU.ActiveCfg = Debug|Any CPU
		{69E6A9E8-98C3-4C7D-9243-EDC3912B334D}.Debug|Any CPU.Build.0 = Debug|Any CPU
		{69E6A9E8-98C3-4C7D-9243-EDC3912B334D}.Release|Any CPU.ActiveCfg = Release|Any CPU
		{69E6A9E8-98C3-4C7D-9243-EDC3912B334D}.Release|Any CPU.Build.0 = Release|Any CPU
		{2288FE44-7E46-4ED2-901E-A3216445F80A}.Debug|Any CPU.ActiveCfg = Debug|Any CPU
		{2288FE44-7E46-4ED2-901E-A3216445F80A}.Debug|Any CPU.Build.0 = Debug|Any CPU
		{2288FE44-7E46-4ED2-901E-A3216445F80A}.Release|Any CPU.ActiveCfg = Release|Any CPU
		{2288FE44-7E46-4ED2-901E-A3216445F80A}.Release|Any CPU.Build.0 = Release|Any CPU
		{E3DE0BD8-8721-4A7C-ABE9-B0A877A84ED3}.Debug|Any CPU.ActiveCfg = Debug|Any CPU
		{E3DE0BD8-8721-4A7C-ABE9-B0A877A84ED3}.Debug|Any CPU.Build.0 = Debug|Any CPU
		{E3DE0BD8-8721-4A7C-ABE9-B0A877A84ED3}.Release|Any CPU.ActiveCfg = Release|Any CPU
		{E3DE0BD8-8721-4A7C-ABE9-B0A877A84ED3}.Release|Any CPU.Build.0 = Release|Any CPU
		{A114EF6E-E262-4DC6-937C-3AFA518ACCE5}.Debug|Any CPU.ActiveCfg = Debug|Any CPU
		{A114EF6E-E262-4DC6-937C-3AFA518ACCE5}.Debug|Any CPU.Build.0 = Debug|Any CPU
		{A114EF6E-E262-4DC6-937C-3AFA518ACCE5}.Release|Any CPU.ActiveCfg = Release|Any CPU
		{A114EF6E-E262-4DC6-937C-3AFA518ACCE5}.Release|Any CPU.Build.0 = Release|Any CPU
		{6485F059-33A8-454C-9045-E0AF1C387419}.Debug|Any CPU.ActiveCfg = Debug|Any CPU
		{6485F059-33A8-454C-9045-E0AF1C387419}.Debug|Any CPU.Build.0 = Debug|Any CPU
		{6485F059-33A8-454C-9045-E0AF1C387419}.Release|Any CPU.ActiveCfg = Release|Any CPU
		{6485F059-33A8-454C-9045-E0AF1C387419}.Release|Any CPU.Build.0 = Release|Any CPU
		{90A87DE7-1F75-4198-B38F-37A925376353}.Debug|Any CPU.ActiveCfg = Debug|Any CPU
		{90A87DE7-1F75-4198-B38F-37A925376353}.Debug|Any CPU.Build.0 = Debug|Any CPU
		{90A87DE7-1F75-4198-B38F-37A925376353}.Release|Any CPU.ActiveCfg = Release|Any CPU
		{90A87DE7-1F75-4198-B38F-37A925376353}.Release|Any CPU.Build.0 = Release|Any CPU
		{19AF755A-4E73-44C0-BB05-FB85A2384681}.Debug|Any CPU.ActiveCfg = Debug|Any CPU
		{19AF755A-4E73-44C0-BB05-FB85A2384681}.Debug|Any CPU.Build.0 = Debug|Any CPU
		{19AF755A-4E73-44C0-BB05-FB85A2384681}.Release|Any CPU.ActiveCfg = Release|Any CPU
		{19AF755A-4E73-44C0-BB05-FB85A2384681}.Release|Any CPU.Build.0 = Release|Any CPU
		{D74C2E96-EF48-4F78-AE1B-BE7528990354}.Debug|Any CPU.ActiveCfg = Debug|Any CPU
		{D74C2E96-EF48-4F78-AE1B-BE7528990354}.Debug|Any CPU.Build.0 = Debug|Any CPU
		{D74C2E96-EF48-4F78-AE1B-BE7528990354}.Release|Any CPU.ActiveCfg = Release|Any CPU
		{D74C2E96-EF48-4F78-AE1B-BE7528990354}.Release|Any CPU.Build.0 = Release|Any CPU
		{FC94A672-4417-4B0A-875C-A72567CCCA21}.Debug|Any CPU.ActiveCfg = Debug|Any CPU
		{FC94A672-4417-4B0A-875C-A72567CCCA21}.Debug|Any CPU.Build.0 = Debug|Any CPU
		{FC94A672-4417-4B0A-875C-A72567CCCA21}.Release|Any CPU.ActiveCfg = Release|Any CPU
		{FC94A672-4417-4B0A-875C-A72567CCCA21}.Release|Any CPU.Build.0 = Release|Any CPU
		{0920DF3E-34AB-4BAE-A033-4243137D3897}.Debug|Any CPU.ActiveCfg = Debug|Any CPU
		{0920DF3E-34AB-4BAE-A033-4243137D3897}.Debug|Any CPU.Build.0 = Debug|Any CPU
		{0920DF3E-34AB-4BAE-A033-4243137D3897}.Release|Any CPU.ActiveCfg = Release|Any CPU
		{0920DF3E-34AB-4BAE-A033-4243137D3897}.Release|Any CPU.Build.0 = Release|Any CPU
		{C75B4482-1E04-4A9F-98E2-8467B3F86766}.Debug|Any CPU.ActiveCfg = Debug|Any CPU
		{C75B4482-1E04-4A9F-98E2-8467B3F86766}.Debug|Any CPU.Build.0 = Debug|Any CPU
		{C75B4482-1E04-4A9F-98E2-8467B3F86766}.Release|Any CPU.ActiveCfg = Release|Any CPU
		{C75B4482-1E04-4A9F-98E2-8467B3F86766}.Release|Any CPU.Build.0 = Release|Any CPU
		{75C19821-33A9-4EA5-91CF-E3995D4292F3}.Debug|Any CPU.ActiveCfg = Debug|Any CPU
		{75C19821-33A9-4EA5-91CF-E3995D4292F3}.Debug|Any CPU.Build.0 = Debug|Any CPU
		{75C19821-33A9-4EA5-91CF-E3995D4292F3}.Release|Any CPU.ActiveCfg = Release|Any CPU
		{75C19821-33A9-4EA5-91CF-E3995D4292F3}.Release|Any CPU.Build.0 = Release|Any CPU
	EndGlobalSection
	GlobalSection(SolutionProperties) = preSolution
		HideSolutionNode = FALSE
	EndGlobalSection
	GlobalSection(ExtensibilityGlobals) = postSolution
		SolutionGuid = {FE246592-8512-47B8-A93C-D76054239442}
	EndGlobalSection
	GlobalSection(NestedProjects) = preSolution
		{2288FE44-7E46-4ED2-901E-A3216445F80A} = {465D3740-2B10-4236-A980-6FC701DC1407}
		{E3DE0BD8-8721-4A7C-ABE9-B0A877A84ED3} = {465D3740-2B10-4236-A980-6FC701DC1407}
		{A114EF6E-E262-4DC6-937C-3AFA518ACCE5} = {7E556390-02D2-471E-AE36-50090F25321C}
		{6485F059-33A8-454C-9045-E0AF1C387419} = {7E556390-02D2-471E-AE36-50090F25321C}
		{90A87DE7-1F75-4198-B38F-37A925376353} = {D50009AA-F54B-4659-82F9-449A3E3AAD9F}
		{19AF755A-4E73-44C0-BB05-FB85A2384681} = {D50009AA-F54B-4659-82F9-449A3E3AAD9F}
		{D74C2E96-EF48-4F78-AE1B-BE7528990354} = {09FD0E72-0E94-441C-9FD5-5F277A57C57B}
		{FC94A672-4417-4B0A-875C-A72567CCCA21} = {09FD0E72-0E94-441C-9FD5-5F277A57C57B}
		{0920DF3E-34AB-4BAE-A033-4243137D3897} = {ED68FDFD-F574-46C5-A50B-8DC4D2DFBACB}
		{C75B4482-1E04-4A9F-98E2-8467B3F86766} = {ED68FDFD-F574-46C5-A50B-8DC4D2DFBACB}
		{75C19821-33A9-4EA5-91CF-E3995D4292F3} = {08F8DA5C-E5D0-43B3-B9C8-A1D1E74D9FB6}
	EndGlobalSection
EndGlobal
